{
  "name": "@suseejs/plugin-commonjs",
  "version": "0.1.1",
  "lockfileVersion": 3,
  "requires": true,
  "packages": {
    "": {
      "name": "@suseejs/plugin-commonjs",
      "version": "0.1.1",
      "license": "Apache-2.0",
      "dependencies": {
        "@phothinmaung/resolves": "^1.0.0",
        "@suseejs/transformer": "^0.1.0",
        "@suseejs/types": "^0.2.0",
        "@suseejs/utils": "^0.1.3",
        "susee": "^1.0.4",
        "typescript": "^5.9.3"
      },
      "devDependencies": {
        "@types/node": "^25.2.3"
      }
    },
    "node_modules/@phothinmaung/resolves": {
      "version": "1.0.0",
      "resolved": "https://registry.npmjs.org/@phothinmaung/resolves/-/resolves-1.0.0.tgz",
      "integrity": "sha512-RFpmYfV8x6tA83UX+dMJ5nwwvjMt5ZTiUfNJSwK+eKEnv4Fu30Uzn2Nr53mat1AeuKpMndi5eTUtbab5Z1ZhaA==",
      "license": "ISC"
    },
    "node_modules/@suseejs/tcolor": {
      "version": "0.1.0",
      "resolved": "https://registry.npmjs.org/@suseejs/tcolor/-/tcolor-0.1.0.tgz",
      "integrity": "sha512-VqRqYxS9GpvhGkr5qE+DvW9hnEhU4jkjoK0tJ09gBxq1tV3kTfyy1xNOpYQH7Jf5RaL1m4FM3lG0xW/0kln0fw==",
      "license": "Apache-2.0"
    },
    "node_modules/@suseejs/transformer": {
      "version": "0.1.0",
      "resolved": "https://registry.npmjs.org/@suseejs/transformer/-/transformer-0.1.0.tgz",
      "integrity": "sha512-DgbFjKM03t0JsrnqCoOiLPlFpuTPRXVXjoDCIV2CV2rMl/otvJ27eROk3ZlJoQfWOPsIN+yL1fyIIrKyRl15Kw==",
      "license": "Apache-2.0",
      "dependencies": {
        "typescript": "^5.9.3"
      }
    },
    "node_modules/@suseejs/tsconfig": {
      "version": "0.1.1",
      "resolved": "https://registry.npmjs.org/@suseejs/tsconfig/-/tsconfig-0.1.1.tgz",
      "integrity": "sha512-gjfIGswgQuuH8EIdyf8uKMEyMk50I4Mlxg3beFb6Frl4/GojjSOSGF11l5DGbpQU02M83Wm9YFGpq8YTy4NG1g==",
      "license": "Apache-2.0",
      "dependencies": {
        "@suseejs/tcolor": "^0.1.0",
        "@suseejs/utils": "^0.1.2",
        "typescript": "^5.9.3"
      }
    },
    "node_modules/@suseejs/types": {
      "version": "0.2.0",
      "resolved": "https://registry.npmjs.org/@suseejs/types/-/types-0.2.0.tgz",
      "integrity": "sha512-B7NhCHXcjKBf4+9KQpuhXIUCBZ1TyQidrGc+iE8iejQCYBr59THGEE83OkIXhFiYHQYfpw23GrMkhNulTEWt0Q==",
      "license": "Apache-2.0",
      "dependencies": {
        "typescript": "^5.9.3"
      }
    },
    "node_modules/@suseejs/utils": {
      "version": "0.1.3",
      "resolved": "https://registry.npmjs.org/@suseejs/utils/-/utils-0.1.3.tgz",
      "integrity": "sha512-1vwJWMUQpVWtB/lb9wjnBfJrQk5MTNTQX/g65RmTHWr88nbT+p7+SInDuPubhe65aKQB4Mn8sLfBSf7ZDERDmg==",
      "license": "Apache-2.0",
      "dependencies": {
        "@suseejs/tcolor": "^0.1.0",
        "typescript": "^5.9.3"
      }
    },
    "node_modules/@types/node": {
      "version": "25.5.0",
      "resolved": "https://registry.npmjs.org/@types/node/-/node-25.5.0.tgz",
      "integrity": "sha512-jp2P3tQMSxWugkCUKLRPVUpGaL5MVFwF8RDuSRztfwgN1wmqJeMSbKlnEtQqU8UrhTmzEmZdu2I6v2dpp7XIxw==",
      "dev": true,
      "license": "MIT",
      "dependencies": {
        "undici-types": "~7.18.0"
      }
    },
    "node_modules/mhaehko": {
      "version": "0.1.0",
      "resolved": "https://registry.npmjs.org/mhaehko/-/mhaehko-0.1.0.tgz",
      "integrity": "sha512-NhTCYU47e3QmnnECiSyz90lqOerd2q5r+wwv8IhkAGaL7RUzvvPeF+kZp1Ihm8BAtGr1rSKY06zN9Y/+Hc0rOg==",
      "license": "Apache-2.0"
    },
    "node_modules/susee": {
      "version": "1.0.4",
      "resolved": "https://registry.npmjs.org/susee/-/susee-1.0.4.tgz",
      "integrity": "sha512-XFc2VJzQySbtniqAAEGQq+GCJd43Wc1KAAtKCVQk6preZ3/WIpMn/muITiZpeZNBTeQOLdxNMFCkhkgy7a+ARQ==",
      "license": "Apache-2.0",
      "dependencies": {
        "@phothinmaung/resolves": "^1.0.0",
        "@suseejs/tcolor": "^0.1.0",
        "@suseejs/transformer": "^0.1.0",
        "@suseejs/tsconfig": "^0.1.1",
        "@suseejs/types": "^0.2.0",
        "@suseejs/utils": "^0.1.3",
        "mhaehko": "^0.1.0",
        "typescript": "^5.9.3"
      },
      "bin": {
        "susee": "bin/index.mjs"
      }
    },
    "node_modules/typescript": {
      "version": "5.9.3",
      "resolved": "https://registry.npmjs.org/typescript/-/typescript-5.9.3.tgz",
      "integrity": "sha512-jl1vZzPDinLr9eUt3J/t7V6FgNEw9QjvBPdysz9KfQDD41fQrC2Y4vKQdiaUpFT4bXlb1RHhLpp8wtm6M5TgSw==",
      "license": "Apache-2.0",
      "bin": {
        "tsc": "bin/tsc",
        "tsserver": "bin/tsserver"
      },
      "engines": {
        "node": ">=14.17"
      }
    },
    "node_modules/undici-types": {
      "version": "7.18.2",
      "resolved": "https://registry.npmjs.org/undici-types/-/undici-types-7.18.2.tgz",
      "integrity": "sha512-AsuCzffGHJybSaRrmr5eHr81mwJU3kjw6M+uprWvCXiNeN9SOGwQ3Jn8jb8m3Z6izVgknn1R0FTCEAP2QrLY/w==",
      "dev": true,
      "license": "MIT"
    }
  }
}
